
Microsoft Visual Studio Solution File, Format Version 12.00
# Visual Studio Version 16
VisualStudioVersion = 16.0.30503.244
MinimumVisualStudioVersion = 10.0.40219.1
Project("{FAE04EC0-301F-11D3-BF4B-00C04F79EFBC}") = "AcrylicWindow.Client.Core", "AcrylicWindow.Client.Core\AcrylicWindow.Client.Core.csproj", "{C9A19545-ED65-4937-95B4-3654D47A6F4D}"
EndProject
Project("{FAE04EC0-301F-11D3-BF4B-00C04F79EFBC}") = "AcrylicWindow.Client.View", "AcrylicWindow.Client.View\AcrylicWindow.Client.View.csproj", "{ED44FBD0-15E6-41AE-9229-76763408888C}"
EndProject
Global
	GlobalSection(SolutionConfigurationPlatforms) = preSolution
		Debug|Any CPU = Debug|Any CPU
		Release|Any CPU = Release|Any CPU
	EndGlobalSection
	GlobalSection(ProjectConfigurationPlatforms) = postSolution
		{C9A19545-ED65-4937-95B4-3654D47A6F4D}.Debug|Any CPU.ActiveCfg = Debug|Any CPU
		{C9A19545-ED65-4937-95B4-3654D47A6F4D}.Debug|Any CPU.Build.0 = Debug|Any CPU
		{C9A19545-ED65-4937-95B4-3654D47A6F4D}.Release|Any CPU.ActiveCfg = Release|Any CPU
		{C9A19545-ED65-4937-95B4-3654D47A6F4D}.Release|Any CPU.Build.0 = Release|Any CPU
		{ED44FBD0-15E6-41AE-9229-76763408888C}.Debug|Any CPU.ActiveCfg = Debug|Any CPU
		{ED44FBD0-15E6-41AE-9229-76763408888C}.Debug|Any CPU.Build.0 = Debug|Any CPU
		{ED44FBD0-15E6-41AE-9229-76763408888C}.Release|Any CPU.ActiveCfg = Release|Any CPU
		{ED44FBD0-15E6-41AE-9229-76763408888C}.Release|Any CPU.Build.0 = Release|Any CPU
	EndGlobalSection
	GlobalSection(SolutionProperties) = preSolution
		HideSolutionNode = FALSE
	EndGlobalSection
	GlobalSection(ExtensibilityGlobals) = postSolution
		SolutionGuid = {81ED6840-A65D-4044-A42C-1F1CF62AAE15}
	EndGlobalSection
EndGlobal
